# This file is automatically @generated by Poetry 1.6.1 and should not be changed by hand.

[[package]]
name = "cramjam"
version = "2.8.2"
description = "Thin Python bindings to de/compression algorithms in Rust"
optional = false
python-versions = ">=3.7"
files = [
    {file = "cramjam-2.8.2-cp310-cp310-macosx_10_12_x86_64.macosx_11_0_arm64.macosx_10_12_universal2.whl", hash = "sha256:3905cbb46dce4f46e8ed1a5af53b14ca6cc8fc983158fa22b1058d1bbbdd5554"},
    {file = "cramjam-2.8.2-cp310-cp310-macosx_10_12_x86_64.whl", hash = "sha256:a56811e3729421711f4c16061068a0f8a1fe2c64a95274ca1a66fc1709398787"},
    {file = "cramjam-2.8.2-cp310-cp310-manylinux_2_12_i686.manylinux2010_i686.whl", hash = "sha256:0dff57824cbe460c1a458d995292eb6f5ea853cfc668289a29025790fee73736"},
    {file = "cramjam-2.8.2-cp310-cp310-manylinux_2_17_aarch64.manylinux2014_aarch64.whl", hash = "sha256:c2c02e4f937f1abb7b25fb8e25635c8e180ed0644f12ce4df798c026ce35d8ce"},
    {file = "cramjam-2.8.2-cp310-cp310-manylinux_2_17_armv7l.manylinux2014_armv7l.whl", hash = "sha256:48a47e443bd314a4d03c8bd4eb35d9097664aecc693da0731a5f3be299430855"},
    {file = "cramjam-2.8.2-cp310-cp310-manylinux_2_17_ppc64le.manylinux2014_ppc64le.whl", hash = "sha256:2440c975f9a30b232172de1790d99a438b45c9745f4e7f4560554b83030e37ac"},
    {file = "cramjam-2.8.2-cp310-cp310-manylinux_2_17_s390x.manylinux2014_s390x.whl", hash = "sha256:7a5e624ad909172d3c74a66cae25f1ce42bda67863023d7cf79ea40239786f7b"},
    {file = "cramjam-2.8.2-cp310-cp310-manylinux_2_17_x86_64.manylinux2014_x86_64.whl", hash = "sha256:8204c85bf8c049bc2e1a170d5728634f191242188272b03d445bfc2eba1d87c6"},
    {file = "cramjam-2.8.2-cp310-none-win32.whl", hash = "sha256:9c54c6a761f0f2d3565894c8189cefb9abf5476999e5472a9d508875715a3c1c"},
    {file = "cramjam-2.8.2-cp310-none-win_amd64.whl", hash = "sha256:9f07ae3b5ce995f407c1f08f32bd829e949551de368a70311bd897cd27c02ee0"},
    {file = "cramjam-2.8.2-cp311-cp311-macosx_10_12_x86_64.macosx_11_0_arm64.macosx_10_12_universal2.whl", hash = "sha256:ea0e0d54dd7cae6793569c5650b5f245ac4abc74bd35ccaee9f4ab05fb90b2c3"},
    {file = "cramjam-2.8.2-cp311-cp311-macosx_10_12_x86_64.whl", hash = "sha256:631f35e2137fb1f14933aed6ecfcaa955569110946afda168b01a01fd29f8da7"},
    {file = "cramjam-2.8.2-cp311-cp311-manylinux_2_12_i686.manylinux2010_i686.whl", hash = "sha256:95359af45a8945292732ea641bc88c7c34f0e780194bd57939ad440d3229b4c6"},
    {file = "cramjam-2.8.2-cp311-cp311-manylinux_2_17_aarch64.manylinux2014_aarch64.whl", hash = "sha256:a128df3c04d213216a6fec5e9e9a27fe7b6678e234b641b98a2031e293602ed6"},
    {file = "cramjam-2.8.2-cp311-cp311-manylinux_2_17_armv7l.manylinux2014_armv7l.whl", hash = "sha256:78b175732ca8dbc61f9b4c8e1f4c3fb3f275819c71b635dd637fa7a22bd7239d"},
    {file = "cramjam-2.8.2-cp311-cp311-manylinux_2_17_ppc64le.manylinux2014_ppc64le.whl", hash = "sha256:764a27810d8a12320bc9a5664d5f37c355a9966f6f4e170b0a48a9fba8101b82"},
    {file = "cramjam-2.8.2-cp311-cp311-manylinux_2_17_s390x.manylinux2014_s390x.whl", hash = "sha256:118a661fd9287d9ed96ccde578a9e271b61b11a1aa02656b3f0da93a0643ce0f"},
    {file = "cramjam-2.8.2-cp311-cp311-manylinux_2_17_x86_64.manylinux2014_x86_64.whl", hash = "sha256:c6270cfe9a2963116cecf972bf68267364546326b6b1aff8e531c0f65fd1992e"},
    {file = "cramjam-2.8.2-cp311-none-win32.whl", hash = "sha256:9cebfd2fec5470ef786ee9503512514b0f25a022b511fb9bb35f7df5568dc649"},
    {file = "cramjam-2.8.2-cp311-none-win_amd64.whl", hash = "sha256:d3aeb2626aaacec8455e6ae7154d92459bcba678fce68a1b443eca4f27e2e8f4"},
    {file = "cramjam-2.8.2-cp312-cp312-macosx_10_12_x86_64.macosx_11_0_arm64.macosx_10_12_universal2.whl", hash = "sha256:add2d2b8e949605e836c481d49ec4e5f56fa8a729e2b6d76e5f903712d6b6781"},
    {file = "cramjam-2.8.2-cp312-cp312-macosx_10_12_x86_64.whl", hash = "sha256:6e25567380aca988cc0c335eb01a2c39a533add5491ddc33255b11e0275f855e"},
    {file = "cramjam-2.8.2-cp312-cp312-manylinux_2_12_i686.manylinux2010_i686.whl", hash = "sha256:ce77bcae1b90785882c516ad660237473428a168158edaef8fd76c9c60e0a67a"},
    {file = "cramjam-2.8.2-cp312-cp312-manylinux_2_17_aarch64.manylinux2014_aarch64.whl", hash = "sha256:4bcb7a97b1304f12badd4de4d84b90e55c56c274cca41413614dd72c4b55591e"},
    {file = "cramjam-2.8.2-cp312-cp312-manylinux_2_17_armv7l.manylinux2014_armv7l.whl", hash = "sha256:ac71e6e14813dac09300b0c0b11fbf415c3813f80cd442a79b5ceb720b6d375a"},
    {file = "cramjam-2.8.2-cp312-cp312-manylinux_2_17_ppc64le.manylinux2014_ppc64le.whl", hash = "sha256:419bf9bc693d8db6d2eb502fad04eb5ce48bf38a2d40241d070e61321bb03037"},
    {file = "cramjam-2.8.2-cp312-cp312-manylinux_2_17_s390x.manylinux2014_s390x.whl", hash = "sha256:4403d0a05b812c17160a80222ea9ad27086509e0b241d3ffe8dc5902cc0b8fcc"},
    {file = "cramjam-2.8.2-cp312-cp312-manylinux_2_17_x86_64.manylinux2014_x86_64.whl", hash = "sha256:5c509d441ae7940b127c9e34582bba534b367a220fd3e8176ca72638dd209e12"},
    {file = "cramjam-2.8.2-cp312-none-win32.whl", hash = "sha256:4b5f6afbbff427fa49bc16bc017f61101c24df01eb06935d501f8659f0b2ce1d"},
    {file = "cramjam-2.8.2-cp312-none-win_amd64.whl", hash = "sha256:edbc6c031544c556af2d46762c62962ff37ffcf0e503fea2535fd080d84a0d2f"},
    {file = "cramjam-2.8.2-cp37-cp37m-macosx_10_12_x86_64.whl", hash = "sha256:0a25eaba13ff1e27b7d9d7aa47108d002ff3e9999c6114e5aaca031873e6c6e5"},
    {file = "cramjam-2.8.2-cp37-cp37m-manylinux_2_12_i686.manylinux2010_i686.whl", hash = "sha256:e32b7861a9fee2e8eef0a56ef8da7ae68d1d00fbc1227253616786f23926695e"},
    {file = "cramjam-2.8.2-cp37-cp37m-manylinux_2_17_aarch64.manylinux2014_aarch64.whl", hash = "sha256:b724799de4d1a417b3ba2fbb17b5ed412eea5308d6cc5e59b32cb9c8befd2eae"},
    {file = "cramjam-2.8.2-cp37-cp37m-manylinux_2_17_armv7l.manylinux2014_armv7l.whl", hash = "sha256:d2d689746195477cdbcfed36680d816d7c32af72c62c1b93b05430f72a833a70"},
    {file = "cramjam-2.8.2-cp37-cp37m-manylinux_2_17_ppc64le.manylinux2014_ppc64le.whl", hash = "sha256:a921ac4b8a26961505eade705f24a09faa642e99aae074104859aa44e3ed40ad"},
    {file = "cramjam-2.8.2-cp37-cp37m-manylinux_2_17_s390x.manylinux2014_s390x.whl", hash = "sha256:32c8a3ae3d484da10b2083029950b2dda8f53fed4983d051547bc491c87737e6"},
    {file = "cramjam-2.8.2-cp37-cp37m-manylinux_2_17_x86_64.manylinux2014_x86_64.whl", hash = "sha256:85d42d81e46e7752f6a7fd4bcb586d90159e227409f2d10970161f2a636451ee"},
    {file = "cramjam-2.8.2-cp37-none-win32.whl", hash = "sha256:09d2789da4e397bc5204d796e3e252943ae78c797711be8d5525adefe163c8df"},
    {file = "cramjam-2.8.2-cp37-none-win_amd64.whl", hash = "sha256:6bec8428e817bb3b67c1e5e29714fc274eefa3a8a20774cb07b736b564f1fb49"},
    {file = "cramjam-2.8.2-cp38-cp38-macosx_10_12_x86_64.macosx_11_0_arm64.macosx_10_12_universal2.whl", hash = "sha256:acfea460a28ee0f047cf3c0fcd5cf8e758d504017579188ccca0f08ee6c0b96b"},
    {file = "cramjam-2.8.2-cp38-cp38-macosx_10_12_x86_64.whl", hash = "sha256:9558f18624421c929b0f3723905fc1b48039009f5adae89ed03bf83573e41014"},
    {file = "cramjam-2.8.2-cp38-cp38-manylinux_2_12_i686.manylinux2010_i686.whl", hash = "sha256:3c210b56403fe275b8c578121ead2550e5a68e82cefe83da5821d05d64bcde93"},
    {file = "cramjam-2.8.2-cp38-cp38-manylinux_2_17_aarch64.manylinux2014_aarch64.whl", hash = "sha256:7104ca8adeac8e50913537ebafcb7327f4e3093231556e49ecf6d5415942de77"},
    {file = "cramjam-2.8.2-cp38-cp38-manylinux_2_17_armv7l.manylinux2014_armv7l.whl", hash = "sha256:3d661f4cee4b72ffb083a59de4ac2a4d332f15fac072e4224083f0dc138bc8d6"},
    {file = "cramjam-2.8.2-cp38-cp38-manylinux_2_17_ppc64le.manylinux2014_ppc64le.whl", hash = "sha256:8d02a99a9fc171fc2e6de29d664ecce08a59f95d9d3450277f506154853a3866"},
    {file = "cramjam-2.8.2-cp38-cp38-manylinux_2_17_s390x.manylinux2014_s390x.whl", hash = "sha256:85f902be87c2dfd06e67fc3d852c1007ec6ce3934b0137131173633df47b0159"},
    {file = "cramjam-2.8.2-cp38-cp38-manylinux_2_17_x86_64.manylinux2014_x86_64.whl", hash = "sha256:678e0a3ea9fc2f2953f09f7feb8cdc92d2db2c5f024dd50faefc3ef3ed19bd7b"},
    {file = "cramjam-2.8.2-cp38-none-win32.whl", hash = "sha256:c21dfa6a238fddf85fbd05cd6573b6a66c1614374713506c4837b76fc38632c6"},
    {file = "cramjam-2.8.2-cp38-none-win_amd64.whl", hash = "sha256:b47f9a0d51f12430bcc7e1fe0b8a475ffecbb25950421ddf653e8e75fdbb4348"},
    {file = "cramjam-2.8.2-cp39-cp39-macosx_10_12_x86_64.macosx_11_0_arm64.macosx_10_12_universal2.whl", hash = "sha256:cf61c45d956b36a39b73a7e587081a39b2e91711820cd2bd450946b777ff8cad"},
    {file = "cramjam-2.8.2-cp39-cp39-macosx_10_12_x86_64.whl", hash = "sha256:def02072f230ceaf399dac03a0be805941519a12502795007f6be586e6ec3573"},
    {file = "cramjam-2.8.2-cp39-cp39-manylinux_2_12_i686.manylinux2010_i686.whl", hash = "sha256:5f9fea90e4063fba7cff9bf8e48a908001bdb22a3bb13b978350385548659a78"},
    {file = "cramjam-2.8.2-cp39-cp39-manylinux_2_17_aarch64.manylinux2014_aarch64.whl", hash = "sha256:194bdd4e820fed9e23183197cff6f5c29b4a6a4d2e95c2d3743b83cf55e7f304"},
    {file = "cramjam-2.8.2-cp39-cp39-manylinux_2_17_armv7l.manylinux2014_armv7l.whl", hash = "sha256:014a8b0d859b688e3c24ea4448957db26f78ac792f4ab3098e0a5a7e4eed1dcc"},
    {file = "cramjam-2.8.2-cp39-cp39-manylinux_2_17_ppc64le.manylinux2014_ppc64le.whl", hash = "sha256:4c4f1f8d3a536fc9bbde951b66c0fae09d2f65523e4d77738950106ac7c064a6"},
    {file = "cramjam-2.8.2-cp39-cp39-manylinux_2_17_s390x.manylinux2014_s390x.whl", hash = "sha256:c132fafb4c3ae8fde959e6b6e56eb77660dea4f23ce82bb2ca40503254e29bc8"},
    {file = "cramjam-2.8.2-cp39-cp39-manylinux_2_17_x86_64.manylinux2014_x86_64.whl", hash = "sha256:0f133735f502a63a74a9cfeb2a5225bf33aa2c7a9f30e1e5a85d3a688c8dc938"},
    {file = "cramjam-2.8.2-cp39-none-win32.whl", hash = "sha256:2a7ea3364095074ff701b950dcb5e03236002f4b4b17180d6d82796e7c26e8fc"},
    {file = "cramjam-2.8.2-cp39-none-win_amd64.whl", hash = "sha256:86fd732b37d545660354de60a314f27026ebb6b3782f4f3b2cc53b3be43cfbd8"},
    {file = "cramjam-2.8.2-pp310-pypy310_pp73-macosx_10_12_x86_64.whl", hash = "sha256:bbb32fe037c1d207ca07ab3bfd5de285c0c627236449a500f4dae526fbc7472f"},
    {file = "cramjam-2.8.2-pp310-pypy310_pp73-manylinux_2_17_aarch64.manylinux2014_aarch64.whl", hash = "sha256:ab0db497263f5319e38cc76fa60a617e04b150c7dfde9804085bdf95a2a4f2f7"},
    {file = "cramjam-2.8.2-pp310-pypy310_pp73-manylinux_2_17_x86_64.manylinux2014_x86_64.whl", hash = "sha256:95022b98cfa4004e99122dcfd2ead8d07cfb67e44e557376659363a6e056d4dd"},
    {file = "cramjam-2.8.2-pp39-pypy39_pp73-macosx_10_12_x86_64.whl", hash = "sha256:96567733e306464ae65d9a4c00fe099ae9c527614213b9e55a7aec0263cd36f6"},
    {file = "cramjam-2.8.2-pp39-pypy39_pp73-manylinux_2_17_aarch64.manylinux2014_aarch64.whl", hash = "sha256:f41673f82808661f05c1e115315b7b46a7e7a9c5365ea9056281c73697b2eeba"},
    {file = "cramjam-2.8.2-pp39-pypy39_pp73-manylinux_2_17_x86_64.manylinux2014_x86_64.whl", hash = "sha256:150bb70bfe9b882b706998adea461c877ce205a8476c0e7a039db04e1b35be9d"},
    {file = "cramjam-2.8.2.tar.gz", hash = "sha256:ec9c8997edef2d74d9190be8195eaf983c705066f4c6ea1d4a96a807b54b8a91"},
]

[package.extras]
dev = ["black (==22.3.0)", "hypothesis", "numpy", "pytest (>=5.30)", "pytest-xdist"]

[[package]]
name = "fastparquet"
version = "2024.2.0"
description = "Python support for Parquet file format"
optional = false
python-versions = ">=3.8"
files = [
    {file = "fastparquet-2024.2.0-cp310-cp310-macosx_10_9_universal2.whl", hash = "sha256:94aaa752d79660f2d88983bd7336109f4b61da6940d759786c02144195d6c635"},
    {file = "fastparquet-2024.2.0-cp310-cp310-macosx_11_0_arm64.whl", hash = "sha256:abb08c61ab0f8a29a118dabe0a9105686fa5580648cfca252a74153c8c32444f"},
    {file = "fastparquet-2024.2.0-cp310-cp310-manylinux_2_17_aarch64.manylinux2014_aarch64.whl", hash = "sha256:0d04901828f54ec118e7e5dfb438518ffe9b75ef3b7ebcdbaf33af130fcee9b7"},
    {file = "fastparquet-2024.2.0-cp310-cp310-manylinux_2_17_x86_64.manylinux2014_x86_64.whl", hash = "sha256:42def5e682eb426e6f7062d0bee370dec9424181f3c61eb24d6bdc67482a0ace"},
    {file = "fastparquet-2024.2.0-cp310-cp310-manylinux_2_5_i686.manylinux1_i686.manylinux_2_17_i686.manylinux2014_i686.whl", hash = "sha256:d87f24ae76e65f94af9e62a648b5479f0bd2e8935e0011c9390ebc1299f3785d"},
    {file = "fastparquet-2024.2.0-cp310-cp310-musllinux_1_1_i686.whl", hash = "sha256:76fadf2399a778daf49772c644a3a7b27e41492a43e2bea4107a715981c1dc2f"},
    {file = "fastparquet-2024.2.0-cp310-cp310-musllinux_1_1_x86_64.whl", hash = "sha256:83f1abb155d8a8b6f1f31318174507d8a8ddf4bff00a2ef7065b609577deb6ae"},
    {file = "fastparquet-2024.2.0-cp310-cp310-win_amd64.whl", hash = "sha256:dedeb4ad28f68313c2504ef005f4b2d52c3d108bd5323204300dbaeec6fb1b04"},
    {file = "fastparquet-2024.2.0-cp311-cp311-macosx_10_9_universal2.whl", hash = "sha256:3b7c39661c918686fdbf21695547d2e7b0cd0226a2f2dd6fa5c2ad7b37da2540"},
    {file = "fastparquet-2024.2.0-cp311-cp311-macosx_11_0_arm64.whl", hash = "sha256:bd1b310e7d9934f61236b793d1e11336d457e7664829bf76d53bff5614dcc338"},
    {file = "fastparquet-2024.2.0-cp311-cp311-manylinux_2_17_aarch64.manylinux2014_aarch64.whl", hash = "sha256:e27b5d21fecdc07f071f5343a350b88c859b324834fd19b78d636480fe341999"},
    {file = "fastparquet-2024.2.0-cp311-cp311-manylinux_2_17_x86_64.manylinux2014_x86_64.whl", hash = "sha256:3e3c5cdf2af0fc1b76f07daabd37b132c0f0086106b2fc801ea046739ddabee0"},
    {file = "fastparquet-2024.2.0-cp311-cp311-manylinux_2_5_i686.manylinux1_i686.manylinux_2_17_i686.manylinux2014_i686.whl", hash = "sha256:ea1503bac0b1457c016a748064823d312806e506f3a8b9226935def4be3fffdc"},
    {file = "fastparquet-2024.2.0-cp311-cp311-musllinux_1_1_i686.whl", hash = "sha256:b76febb17f2261e1aa8bdf11b3459ee9cca19ced25744b940c3922b7d93862f9"},
    {file = "fastparquet-2024.2.0-cp311-cp311-musllinux_1_1_x86_64.whl", hash = "sha256:6a14579bbe2fab4f5f43685503b4142d8b0eb7965ee176704ae1697590143cd1"},
    {file = "fastparquet-2024.2.0-cp311-cp311-win_amd64.whl", hash = "sha256:0c1edc578f7a9919d1062bc3184c0c64d5c4e986ab3fa9c75f53561bb7364d7f"},
    {file = "fastparquet-2024.2.0-cp312-cp312-macosx_10_9_universal2.whl", hash = "sha256:cebc1adc7c3a1aed70c752f3fde5e4df094dafba24e60d6501d7963e77047e7e"},
    {file = "fastparquet-2024.2.0-cp312-cp312-macosx_11_0_arm64.whl", hash = "sha256:c26266910e42190f3ba043647b4c1e37e8626981a0366432a498bdf1e10c0bd1"},
    {file = "fastparquet-2024.2.0-cp312-cp312-manylinux_2_17_aarch64.manylinux2014_aarch64.whl", hash = "sha256:ee37d9273e383811f10bd379990851b53df606cfaa046cae53826b6b14f0a33d"},
    {file = "fastparquet-2024.2.0-cp312-cp312-manylinux_2_17_x86_64.manylinux2014_x86_64.whl", hash = "sha256:42babeafac01ab24ea1edc7f626c0744c312d60ba6a7189b08c8e7d1c374bfd3"},
    {file = "fastparquet-2024.2.0-cp312-cp312-musllinux_1_1_x86_64.whl", hash = "sha256:b7a620b87e83c098a46611b901c456403c9a04ba526e4a615750d6704092e1eb"},
    {file = "fastparquet-2024.2.0-cp312-cp312-win_amd64.whl", hash = "sha256:e6f544d65b9f826a149010e3fd5121510e0a1a44c62f1b274aea4a41a8f3dbcd"},
    {file = "fastparquet-2024.2.0-cp38-cp38-macosx_10_9_universal2.whl", hash = "sha256:bf6df4a9c781e32dc10432e78ee82c3c8750e9975a4e2d29aecffc1f2323a418"},
    {file = "fastparquet-2024.2.0-cp38-cp38-macosx_11_0_arm64.whl", hash = "sha256:ee36f1ea8f08cb9b8710161eee4e752e74f34ef3e7aebc58db4e5468d29ff34c"},
    {file = "fastparquet-2024.2.0-cp38-cp38-manylinux_2_17_aarch64.manylinux2014_aarch64.whl", hash = "sha256:cd4b8133f5fa43c497d151d4d00337f9b0614993116a61c61e563a003eb0811e"},
    {file = "fastparquet-2024.2.0-cp38-cp38-manylinux_2_17_x86_64.manylinux2014_x86_64.whl", hash = "sha256:6509837887e35bdcb08ba252eeb930b1056e129b6d31c14901443339567ee95a"},
    {file = "fastparquet-2024.2.0-cp38-cp38-manylinux_2_5_i686.manylinux1_i686.manylinux_2_17_i686.manylinux2014_i686.whl", hash = "sha256:f369dcc860b176739826ed67ea230f243334df5c5b3047ac10b0a365ec469082"},
    {file = "fastparquet-2024.2.0-cp38-cp38-musllinux_1_1_i686.whl", hash = "sha256:fe1b88f51687566eac9fa94f7ce4f17b8df9e4b7ba8f7d37f383e7140414fe98"},
    {file = "fastparquet-2024.2.0-cp38-cp38-musllinux_1_1_x86_64.whl", hash = "sha256:d2711f30720c4f80654c191ecb21d2b1b7351be1f6763c70936bdbab095f0b54"},
    {file = "fastparquet-2024.2.0-cp38-cp38-win_amd64.whl", hash = "sha256:52603d24d19522753e21b1794d99bb295688e33d1a04b61a5c0e9eb4884ba342"},
    {file = "fastparquet-2024.2.0-cp39-cp39-macosx_10_9_universal2.whl", hash = "sha256:c6affd18ed2608976739b47befce9f80f7848209c892ccb1001d494296af33af"},
    {file = "fastparquet-2024.2.0-cp39-cp39-macosx_11_0_arm64.whl", hash = "sha256:1a7314e654a06cfc68a50bfc61bbacc548257d8742fbecfe0418c3b0d4295c04"},
    {file = "fastparquet-2024.2.0-cp39-cp39-manylinux_2_17_aarch64.manylinux2014_aarch64.whl", hash = "sha256:fba0fcba4ffd60ab23d24486f85733a5cc1fcf46d1286c9dc3eed329809e9ee3"},
    {file = "fastparquet-2024.2.0-cp39-cp39-manylinux_2_17_x86_64.manylinux2014_x86_64.whl", hash = "sha256:dace50138c81c6f70acfff91a7a15acc85e3d45be0edbcf164f26fd86cf3c7a5"},
    {file = "fastparquet-2024.2.0-cp39-cp39-manylinux_2_5_i686.manylinux1_i686.manylinux_2_17_i686.manylinux2014_i686.whl", hash = "sha256:dd45a7973afe651d7fdb6b836fa1f9177d318de20211a28f4580d9af5c2aacbb"},
    {file = "fastparquet-2024.2.0-cp39-cp39-musllinux_1_1_i686.whl", hash = "sha256:33121c1596bb4d672579969a4901730f555447204c7c2573621803f7990cd309"},
    {file = "fastparquet-2024.2.0-cp39-cp39-musllinux_1_1_x86_64.whl", hash = "sha256:b5131d77a6c4cdfe3b00baa7eb95602c7f09d955c5490dd3bc0ec0e290ee4010"},
    {file = "fastparquet-2024.2.0-cp39-cp39-win_amd64.whl", hash = "sha256:06736e5bb0827f861ac0901310baedf7e7b5f52dfcd89d435963ae328203597c"},
    {file = "fastparquet-2024.2.0.tar.gz", hash = "sha256:81a8f60c51793eb2436b4fdbbf115ff8578a4a457a179240bc08f9d9573d57a4"},
]

[package.dependencies]
cramjam = ">=2.3"
fsspec = "*"
numpy = ">=1.20.3"
packaging = "*"
pandas = ">=1.5.0"

[package.extras]
lzo = ["python-lzo"]

[[package]]
name = "fsspec"
version = "2024.2.0"
description = "File-system specification"
optional = false
python-versions = ">=3.8"
files = [
    {file = "fsspec-2024.2.0-py3-none-any.whl", hash = "sha256:817f969556fa5916bc682e02ca2045f96ff7f586d45110fcb76022063ad2c7d8"},
    {file = "fsspec-2024.2.0.tar.gz", hash = "sha256:b6ad1a679f760dda52b1168c859d01b7b80648ea6f7f7c7f5a8a91dc3f3ecb84"},
]

[package.extras]
abfs = ["adlfs"]
adl = ["adlfs"]
arrow = ["pyarrow (>=1)"]
dask = ["dask", "distributed"]
devel = ["pytest", "pytest-cov"]
dropbox = ["dropbox", "dropboxdrivefs", "requests"]
full = ["adlfs", "aiohttp (!=4.0.0a0,!=4.0.0a1)", "dask", "distributed", "dropbox", "dropboxdrivefs", "fusepy", "gcsfs", "libarchive-c", "ocifs", "panel", "paramiko", "pyarrow (>=1)", "pygit2", "requests", "s3fs", "smbprotocol", "tqdm"]
fuse = ["fusepy"]
gcs = ["gcsfs"]
git = ["pygit2"]
github = ["requests"]
gs = ["gcsfs"]
gui = ["panel"]
hdfs = ["pyarrow (>=1)"]
http = ["aiohttp (!=4.0.0a0,!=4.0.0a1)"]
libarchive = ["libarchive-c"]
oci = ["ocifs"]
s3 = ["s3fs"]
sftp = ["paramiko"]
smb = ["smbprotocol"]
ssh = ["paramiko"]
tqdm = ["tqdm"]

[[package]]
name = "numpy"
version = "1.26.4"
description = "Fundamental package for array computing in Python"
optional = false
python-versions = ">=3.9"
files = [
    {file = "numpy-1.26.4-cp310-cp310-macosx_10_9_x86_64.whl", hash = "sha256:9ff0f4f29c51e2803569d7a51c2304de5554655a60c5d776e35b4a41413830d0"},
    {file = "numpy-1.26.4-cp310-cp310-macosx_11_0_arm64.whl", hash = "sha256:2e4ee3380d6de9c9ec04745830fd9e2eccb3e6cf790d39d7b98ffd19b0dd754a"},
    {file = "numpy-1.26.4-cp310-cp310-manylinux_2_17_aarch64.manylinux2014_aarch64.whl", hash = "sha256:d209d8969599b27ad20994c8e41936ee0964e6da07478d6c35016bc386b66ad4"},
    {file = "numpy-1.26.4-cp310-cp310-manylinux_2_17_x86_64.manylinux2014_x86_64.whl", hash = "sha256:ffa75af20b44f8dba823498024771d5ac50620e6915abac414251bd971b4529f"},
    {file = "numpy-1.26.4-cp310-cp310-musllinux_1_1_aarch64.whl", hash = "sha256:62b8e4b1e28009ef2846b4c7852046736bab361f7aeadeb6a5b89ebec3c7055a"},
    {file = "numpy-1.26.4-cp310-cp310-musllinux_1_1_x86_64.whl", hash = "sha256:a4abb4f9001ad2858e7ac189089c42178fcce737e4169dc61321660f1a96c7d2"},
    {file = "numpy-1.26.4-cp310-cp310-win32.whl", hash = "sha256:bfe25acf8b437eb2a8b2d49d443800a5f18508cd811fea3181723922a8a82b07"},
    {file = "numpy-1.26.4-cp310-cp310-win_amd64.whl", hash = "sha256:b97fe8060236edf3662adfc2c633f56a08ae30560c56310562cb4f95500022d5"},
    {file = "numpy-1.26.4-cp311-cp311-macosx_10_9_x86_64.whl", hash = "sha256:4c66707fabe114439db9068ee468c26bbdf909cac0fb58686a42a24de1760c71"},
    {file = "numpy-1.26.4-cp311-cp311-macosx_11_0_arm64.whl", hash = "sha256:edd8b5fe47dab091176d21bb6de568acdd906d1887a4584a15a9a96a1dca06ef"},
    {file = "numpy-1.26.4-cp311-cp311-manylinux_2_17_aarch64.manylinux2014_aarch64.whl", hash = "sha256:7ab55401287bfec946ced39700c053796e7cc0e3acbef09993a9ad2adba6ca6e"},
    {file = "numpy-1.26.4-cp311-cp311-manylinux_2_17_x86_64.manylinux2014_x86_64.whl", hash = "sha256:666dbfb6ec68962c033a450943ded891bed2d54e6755e35e5835d63f4f6931d5"},
    {file = "numpy-1.26.4-cp311-cp311-musllinux_1_1_aarch64.whl", hash = "sha256:96ff0b2ad353d8f990b63294c8986f1ec3cb19d749234014f4e7eb0112ceba5a"},
    {file = "numpy-1.26.4-cp311-cp311-musllinux_1_1_x86_64.whl", hash = "sha256:60dedbb91afcbfdc9bc0b1f3f402804070deed7392c23eb7a7f07fa857868e8a"},
    {file = "numpy-1.26.4-cp311-cp311-win32.whl", hash = "sha256:1af303d6b2210eb850fcf03064d364652b7120803a0b872f5211f5234b399f20"},
    {file = "numpy-1.26.4-cp311-cp311-win_amd64.whl", hash = "sha256:cd25bcecc4974d09257ffcd1f098ee778f7834c3ad767fe5db785be9a4aa9cb2"},
    {file = "numpy-1.26.4-cp312-cp312-macosx_10_9_x86_64.whl", hash = "sha256:b3ce300f3644fb06443ee2222c2201dd3a89ea6040541412b8fa189341847218"},
    {file = "numpy-1.26.4-cp312-cp312-macosx_11_0_arm64.whl", hash = "sha256:03a8c78d01d9781b28a6989f6fa1bb2c4f2d51201cf99d3dd875df6fbd96b23b"},
    {file = "numpy-1.26.4-cp312-cp312-manylinux_2_17_aarch64.manylinux2014_aarch64.whl", hash = "sha256:9fad7dcb1aac3c7f0584a5a8133e3a43eeb2fe127f47e3632d43d677c66c102b"},
    {file = "numpy-1.26.4-cp312-cp312-manylinux_2_17_x86_64.manylinux2014_x86_64.whl", hash = "sha256:675d61ffbfa78604709862923189bad94014bef562cc35cf61d3a07bba02a7ed"},
    {file = "numpy-1.26.4-cp312-cp312-musllinux_1_1_aarch64.whl", hash = "sha256:ab47dbe5cc8210f55aa58e4805fe224dac469cde56b9f731a4c098b91917159a"},
    {file = "numpy-1.26.4-cp312-cp312-musllinux_1_1_x86_64.whl", hash = "sha256:1dda2e7b4ec9dd512f84935c5f126c8bd8b9f2fc001e9f54af255e8c5f16b0e0"},
    {file = "numpy-1.26.4-cp312-cp312-win32.whl", hash = "sha256:50193e430acfc1346175fcbdaa28ffec49947a06918b7b92130744e81e640110"},
    {file = "numpy-1.26.4-cp312-cp312-win_amd64.whl", hash = "sha256:08beddf13648eb95f8d867350f6a018a4be2e5ad54c8d8caed89ebca558b2818"},
    {file = "numpy-1.26.4-cp39-cp39-macosx_10_9_x86_64.whl", hash = "sha256:7349ab0fa0c429c82442a27a9673fc802ffdb7c7775fad780226cb234965e53c"},
    {file = "numpy-1.26.4-cp39-cp39-macosx_11_0_arm64.whl", hash = "sha256:52b8b60467cd7dd1e9ed082188b4e6bb35aa5cdd01777621a1658910745b90be"},
    {file = "numpy-1.26.4-cp39-cp39-manylinux_2_17_aarch64.manylinux2014_aarch64.whl", hash = "sha256:d5241e0a80d808d70546c697135da2c613f30e28251ff8307eb72ba696945764"},
    {file = "numpy-1.26.4-cp39-cp39-manylinux_2_17_x86_64.manylinux2014_x86_64.whl", hash = "sha256:f870204a840a60da0b12273ef34f7051e98c3b5961b61b0c2c1be6dfd64fbcd3"},
    {file = "numpy-1.26.4-cp39-cp39-musllinux_1_1_aarch64.whl", hash = "sha256:679b0076f67ecc0138fd2ede3a8fd196dddc2ad3254069bcb9faf9a79b1cebcd"},
    {file = "numpy-1.26.4-cp39-cp39-musllinux_1_1_x86_64.whl", hash = "sha256:47711010ad8555514b434df65f7d7b076bb8261df1ca9bb78f53d3b2db02e95c"},
    {file = "numpy-1.26.4-cp39-cp39-win32.whl", hash = "sha256:a354325ee03388678242a4d7ebcd08b5c727033fcff3b2f536aea978e15ee9e6"},
    {file = "numpy-1.26.4-cp39-cp39-win_amd64.whl", hash = "sha256:3373d5d70a5fe74a2c1bb6d2cfd9609ecf686d47a2d7b1d37a8f3b6bf6003aea"},
    {file = "numpy-1.26.4-pp39-pypy39_pp73-macosx_10_9_x86_64.whl", hash = "sha256:afedb719a9dcfc7eaf2287b839d8198e06dcd4cb5d276a3df279231138e83d30"},
    {file = "numpy-1.26.4-pp39-pypy39_pp73-manylinux_2_17_x86_64.manylinux2014_x86_64.whl", hash = "sha256:95a7476c59002f2f6c590b9b7b998306fba6a5aa646b1e22ddfeaf8f78c3a29c"},
    {file = "numpy-1.26.4-pp39-pypy39_pp73-win_amd64.whl", hash = "sha256:7e50d0a0cc3189f9cb0aeb3a6a6af18c16f59f004b866cd2be1c14b36134a4a0"},
    {file = "numpy-1.26.4.tar.gz", hash = "sha256:2a02aba9ed12e4ac4eb3ea9421c420301a0c6460d9830d74a9df87efa4912010"},
]

[[package]]
name = "packaging"
version = "24.0"
description = "Core utilities for Python packages"
optional = false
python-versions = ">=3.7"
files = [
    {file = "packaging-24.0-py3-none-any.whl", hash = "sha256:2ddfb553fdf02fb784c234c7ba6ccc288296ceabec964ad2eae3777778130bc5"},
    {file = "packaging-24.0.tar.gz", hash = "sha256:eb82c5e3e56209074766e6885bb04b8c38a0c015d0a30036ebe7ece34c9989e9"},
]

[[package]]
name = "pandas"
version = "2.2.1"
description = "Powerful data structures for data analysis, time series, and statistics"
optional = false
python-versions = ">=3.9"
files = [
    {file = "pandas-2.2.1-cp310-cp310-macosx_10_9_x86_64.whl", hash = "sha256:8df8612be9cd1c7797c93e1c5df861b2ddda0b48b08f2c3eaa0702cf88fb5f88"},
    {file = "pandas-2.2.1-cp310-cp310-macosx_11_0_arm64.whl", hash = "sha256:0f573ab277252ed9aaf38240f3b54cfc90fff8e5cab70411ee1d03f5d51f3944"},
    {file = "pandas-2.2.1-cp310-cp310-manylinux_2_17_aarch64.manylinux2014_aarch64.whl", hash = "sha256:f02a3a6c83df4026e55b63c1f06476c9aa3ed6af3d89b4f04ea656ccdaaaa359"},
    {file = "pandas-2.2.1-cp310-cp310-manylinux_2_17_x86_64.manylinux2014_x86_64.whl", hash = "sha256:c38ce92cb22a4bea4e3929429aa1067a454dcc9c335799af93ba9be21b6beb51"},
    {file = "pandas-2.2.1-cp310-cp310-musllinux_1_1_aarch64.whl", hash = "sha256:c2ce852e1cf2509a69e98358e8458775f89599566ac3775e70419b98615f4b06"},
    {file = "pandas-2.2.1-cp310-cp310-musllinux_1_1_x86_64.whl", hash = "sha256:53680dc9b2519cbf609c62db3ed7c0b499077c7fefda564e330286e619ff0dd9"},
    {file = "pandas-2.2.1-cp310-cp310-win_amd64.whl", hash = "sha256:94e714a1cca63e4f5939cdce5f29ba8d415d85166be3441165edd427dc9f6bc0"},
    {file = "pandas-2.2.1-cp311-cp311-macosx_10_9_x86_64.whl", hash = "sha256:f821213d48f4ab353d20ebc24e4faf94ba40d76680642fb7ce2ea31a3ad94f9b"},
    {file = "pandas-2.2.1-cp311-cp311-macosx_11_0_arm64.whl", hash = "sha256:c70e00c2d894cb230e5c15e4b1e1e6b2b478e09cf27cc593a11ef955b9ecc81a"},
    {file = "pandas-2.2.1-cp311-cp311-manylinux_2_17_aarch64.manylinux2014_aarch64.whl", hash = "sha256:e97fbb5387c69209f134893abc788a6486dbf2f9e511070ca05eed4b930b1b02"},
    {file = "pandas-2.2.1-cp311-cp311-manylinux_2_17_x86_64.manylinux2014_x86_64.whl", hash = "sha256:101d0eb9c5361aa0146f500773395a03839a5e6ecde4d4b6ced88b7e5a1a6403"},
    {file = "pandas-2.2.1-cp311-cp311-musllinux_1_1_aarch64.whl", hash = "sha256:7d2ed41c319c9fb4fd454fe25372028dfa417aacb9790f68171b2e3f06eae8cd"},
    {file = "pandas-2.2.1-cp311-cp311-musllinux_1_1_x86_64.whl", hash = "sha256:af5d3c00557d657c8773ef9ee702c61dd13b9d7426794c9dfeb1dc4a0bf0ebc7"},
    {file = "pandas-2.2.1-cp311-cp311-win_amd64.whl", hash = "sha256:06cf591dbaefb6da9de8472535b185cba556d0ce2e6ed28e21d919704fef1a9e"},
    {file = "pandas-2.2.1-cp312-cp312-macosx_10_9_x86_64.whl", hash = "sha256:88ecb5c01bb9ca927ebc4098136038519aa5d66b44671861ffab754cae75102c"},
    {file = "pandas-2.2.1-cp312-cp312-macosx_11_0_arm64.whl", hash = "sha256:04f6ec3baec203c13e3f8b139fb0f9f86cd8c0b94603ae3ae8ce9a422e9f5bee"},
    {file = "pandas-2.2.1-cp312-cp312-manylinux_2_17_aarch64.manylinux2014_aarch64.whl", hash = "sha256:a935a90a76c44fe170d01e90a3594beef9e9a6220021acfb26053d01426f7dc2"},
    {file = "pandas-2.2.1-cp312-cp312-manylinux_2_17_x86_64.manylinux2014_x86_64.whl", hash = "sha256:c391f594aae2fd9f679d419e9a4d5ba4bce5bb13f6a989195656e7dc4b95c8f0"},
    {file = "pandas-2.2.1-cp312-cp312-musllinux_1_1_aarch64.whl", hash = "sha256:9d1265545f579edf3f8f0cb6f89f234f5e44ba725a34d86535b1a1d38decbccc"},
    {file = "pandas-2.2.1-cp312-cp312-musllinux_1_1_x86_64.whl", hash = "sha256:11940e9e3056576ac3244baef2fedade891977bcc1cb7e5cc8f8cc7d603edc89"},
    {file = "pandas-2.2.1-cp312-cp312-win_amd64.whl", hash = "sha256:4acf681325ee1c7f950d058b05a820441075b0dd9a2adf5c4835b9bc056bf4fb"},
    {file = "pandas-2.2.1-cp39-cp39-macosx_10_9_x86_64.whl", hash = "sha256:9bd8a40f47080825af4317d0340c656744f2bfdb6819f818e6ba3cd24c0e1397"},
    {file = "pandas-2.2.1-cp39-cp39-macosx_11_0_arm64.whl", hash = "sha256:df0c37ebd19e11d089ceba66eba59a168242fc6b7155cba4ffffa6eccdfb8f16"},
    {file = "pandas-2.2.1-cp39-cp39-manylinux_2_17_aarch64.manylinux2014_aarch64.whl", hash = "sha256:739cc70eaf17d57608639e74d63387b0d8594ce02f69e7a0b046f117974b3019"},
    {file = "pandas-2.2.1-cp39-cp39-manylinux_2_17_x86_64.manylinux2014_x86_64.whl", hash = "sha256:f9d3558d263073ed95e46f4650becff0c5e1ffe0fc3a015de3c79283dfbdb3df"},
    {file = "pandas-2.2.1-cp39-cp39-musllinux_1_1_aarch64.whl", hash = "sha256:4aa1d8707812a658debf03824016bf5ea0d516afdea29b7dc14cf687bc4d4ec6"},
    {file = "pandas-2.2.1-cp39-cp39-musllinux_1_1_x86_64.whl", hash = "sha256:76f27a809cda87e07f192f001d11adc2b930e93a2b0c4a236fde5429527423be"},
    {file = "pandas-2.2.1-cp39-cp39-win_amd64.whl", hash = "sha256:1ba21b1d5c0e43416218db63037dbe1a01fc101dc6e6024bcad08123e48004ab"},
    {file = "pandas-2.2.1.tar.gz", hash = "sha256:0ab90f87093c13f3e8fa45b48ba9f39181046e8f3317d3aadb2fffbb1b978572"},
]

[package.dependencies]
numpy = [
    {version = ">=1.23.2,<2", markers = "python_version == \"3.11\""},
    {version = ">=1.26.0,<2", markers = "python_version >= \"3.12\""},
]
python-dateutil = ">=2.8.2"
pytz = ">=2020.1"
tzdata = ">=2022.7"

[package.extras]
all = ["PyQt5 (>=5.15.9)", "SQLAlchemy (>=2.0.0)", "adbc-driver-postgresql (>=0.8.0)", "adbc-driver-sqlite (>=0.8.0)", "beautifulsoup4 (>=4.11.2)", "bottleneck (>=1.3.6)", "dataframe-api-compat (>=0.1.7)", "fastparquet (>=2022.12.0)", "fsspec (>=2022.11.0)", "gcsfs (>=2022.11.0)", "html5lib (>=1.1)", "hypothesis (>=6.46.1)", "jinja2 (>=3.1.2)", "lxml (>=4.9.2)", "matplotlib (>=3.6.3)", "numba (>=0.56.4)", "numexpr (>=2.8.4)", "odfpy (>=1.4.1)", "openpyxl (>=3.1.0)", "pandas-gbq (>=0.19.0)", "psycopg2 (>=2.9.6)", "pyarrow (>=10.0.1)", "pymysql (>=1.0.2)", "pyreadstat (>=1.2.0)", "pytest (>=7.3.2)", "pytest-xdist (>=2.2.0)", "python-calamine (>=0.1.7)", "pyxlsb (>=1.0.10)", "qtpy (>=2.3.0)", "s3fs (>=2022.11.0)", "scipy (>=1.10.0)", "tables (>=3.8.0)", "tabulate (>=0.9.0)", "xarray (>=2022.12.0)", "xlrd (>=2.0.1)", "xlsxwriter (>=3.0.5)", "zstandard (>=0.19.0)"]
aws = ["s3fs (>=2022.11.0)"]
clipboard = ["PyQt5 (>=5.15.9)", "qtpy (>=2.3.0)"]
compression = ["zstandard (>=0.19.0)"]
computation = ["scipy (>=1.10.0)", "xarray (>=2022.12.0)"]
consortium-standard = ["dataframe-api-compat (>=0.1.7)"]
excel = ["odfpy (>=1.4.1)", "openpyxl (>=3.1.0)", "python-calamine (>=0.1.7)", "pyxlsb (>=1.0.10)", "xlrd (>=2.0.1)", "xlsxwriter (>=3.0.5)"]
feather = ["pyarrow (>=10.0.1)"]
fss = ["fsspec (>=2022.11.0)"]
gcp = ["gcsfs (>=2022.11.0)", "pandas-gbq (>=0.19.0)"]
hdf5 = ["tables (>=3.8.0)"]
html = ["beautifulsoup4 (>=4.11.2)", "html5lib (>=1.1)", "lxml (>=4.9.2)"]
mysql = ["SQLAlchemy (>=2.0.0)", "pymysql (>=1.0.2)"]
output-formatting = ["jinja2 (>=3.1.2)", "tabulate (>=0.9.0)"]
parquet = ["pyarrow (>=10.0.1)"]
performance = ["bottleneck (>=1.3.6)", "numba (>=0.56.4)", "numexpr (>=2.8.4)"]
plot = ["matplotlib (>=3.6.3)"]
postgresql = ["SQLAlchemy (>=2.0.0)", "adbc-driver-postgresql (>=0.8.0)", "psycopg2 (>=2.9.6)"]
pyarrow = ["pyarrow (>=10.0.1)"]
spss = ["pyreadstat (>=1.2.0)"]
sql-other = ["SQLAlchemy (>=2.0.0)", "adbc-driver-postgresql (>=0.8.0)", "adbc-driver-sqlite (>=0.8.0)"]
test = ["hypothesis (>=6.46.1)", "pytest (>=7.3.2)", "pytest-xdist (>=2.2.0)"]
xml = ["lxml (>=4.9.2)"]

[[package]]
name = "python-dateutil"
version = "2.9.0.post0"
description = "Extensions to the standard Python datetime module"
optional = false
python-versions = "!=3.0.*,!=3.1.*,!=3.2.*,>=2.7"
files = [
    {file = "python-dateutil-2.9.0.post0.tar.gz", hash = "sha256:37dd54208da7e1cd875388217d5e00ebd4179249f90fb72437e91a35459a0ad3"},
    {file = "python_dateutil-2.9.0.post0-py2.py3-none-any.whl", hash = "sha256:a8b2bc7bffae282281c8140a97d3aa9c14da0b136dfe83f850eea9a5f7470427"},
]

[package.dependencies]
six = ">=1.5"

[[package]]
name = "pytz"
version = "2024.1"
description = "World timezone definitions, modern and historical"
optional = false
python-versions = "*"
files = [
    {file = "pytz-2024.1-py2.py3-none-any.whl", hash = "sha256:328171f4e3623139da4983451950b28e95ac706e13f3f2630a879749e7a8b319"},
    {file = "pytz-2024.1.tar.gz", hash = "sha256:2a29735ea9c18baf14b448846bde5a48030ed267578472d8955cd0e7443a9812"},
]

[[package]]
name = "six"
version = "1.16.0"
description = "Python 2 and 3 compatibility utilities"
optional = false
python-versions = ">=2.7, !=3.0.*, !=3.1.*, !=3.2.*"
files = [
    {file = "six-1.16.0-py2.py3-none-any.whl", hash = "sha256:8abb2f1d86890a2dfb989f9a77cfcfd3e47c2a354b01111771326f8aa26e0254"},
    {file = "six-1.16.0.tar.gz", hash = "sha256:1e61c37477a1626458e36f7b1d82aa5c9b094fa4802892072e49de9c60c4c926"},
]

[[package]]
name = "tzdata"
version = "2024.1"
description = "Provider of IANA time zone data"
optional = false
python-versions = ">=2"
files = [
    {file = "tzdata-2024.1-py2.py3-none-any.whl", hash = "sha256:9068bc196136463f5245e51efda838afa15aaeca9903f49050dfa2679db4d252"},
    {file = "tzdata-2024.1.tar.gz", hash = "sha256:2674120f8d891909751c38abcdfd386ac0a5a1127954fbc332af6b5ceae07efd"},
]

[metadata]
lock-version = "2.0"
python-versions = "^3.11"
content-hash = "0b89dba3392d6fd83a9eeeb903fab95598f41958f85c60a6e67e7548d609427d"
